
Microsoft Visual Studio Solution File, Format Version 12.00
# Visual Studio Version 17
VisualStudioVersion = 17.4.33403.182
MinimumVisualStudioVersion = 10.0.40219.1
Project("{9A19103F-16F7-4668-BE54-9A1E7A4F7556}") = "TimeManagementApp.Tests", "..\TimeManagementApp.Tests\TimeManagementApp.Tests.csproj", "{5E0D6473-FF0E-4A22-B30E-9C0C4F56AEC8}"
EndProject
Project("{FAE04EC0-301F-11D3-BF4B-00C04F79EFBC}") = "TimeManagementApp", "TimeManagementApp.csproj", "{C4AC9D2B-9E30-44F7-848B-948ED45AAE83}"
EndProject
Global
	GlobalSection(SolutionConfigurationPlatforms) = preSolution
		Debug|Any CPU = Debug|Any CPU
		Release|Any CPU = Release|Any CPU
	EndGlobalSection
	GlobalSection(ProjectConfigurationPlatforms) = postSolution
		{5E0D6473-FF0E-4A22-B30E-9C0C4F56AEC8}.Debug|Any CPU.ActiveCfg = Debug|Any CPU
		{5E0D6473-FF0E-4A22-B30E-9C0C4F56AEC8}.Debug|Any CPU.Build.0 = Debug|Any CPU
		{5E0D6473-FF0E-4A22-B30E-9C0C4F56AEC8}.Release|Any CPU.ActiveCfg = Release|Any CPU
		{5E0D6473-FF0E-4A22-B30E-9C0C4F56AEC8}.Release|Any CPU.Build.0 = Release|Any CPU
		{C4AC9D2B-9E30-44F7-848B-948ED45AAE83}.Debug|Any CPU.ActiveCfg = Debug|Any CPU
		{C4AC9D2B-9E30-44F7-848B-948ED45AAE83}.Debug|Any CPU.Build.0 = Debug|Any CPU
		{C4AC9D2B-9E30-44F7-848B-948ED45AAE83}.Release|Any CPU.ActiveCfg = Release|Any CPU
		{C4AC9D2B-9E30-44F7-848B-948ED45AAE83}.Release|Any CPU.Build.0 = Release|Any CPU
	EndGlobalSection
	GlobalSection(SolutionProperties) = preSolution
		HideSolutionNode = FALSE
	EndGlobalSection
	GlobalSection(ExtensibilityGlobals) = postSolution
		SolutionGuid = {048E6E0C-2042-4C7A-9C58-B73B0FA8C7AB}
	EndGlobalSection
EndGlobal
